
Microsoft Visual Studio Solution File, Format Version 12.00
# Visual Studio Version 17
VisualStudioVersion = 17.13.35919.96
MinimumVisualStudioVersion = 10.0.40219.1
Project("{FAE04EC0-301F-11D3-BF4B-00C04F79EFBC}") = "Ejercicio1", "Ejercicio1\Ejercicio1.csproj", "{84E9EA76-1548-43EC-857C-2F7BB2403900}"
EndProject
Project("{FAE04EC0-301F-11D3-BF4B-00C04F79EFBC}") = "Ejercicio2", "Ejercicio2.\Ejercicio2.csproj", "{170A73D1-CFEE-4671-822E-E232584A5AC2}"
EndProject
Global
	GlobalSection(SolutionConfigurationPlatforms) = preSolution
		Debug|Any CPU = Debug|Any CPU
		Release|Any CPU = Release|Any CPU
	EndGlobalSection
	GlobalSection(ProjectConfigurationPlatforms) = postSolution
		{84E9EA76-1548-43EC-857C-2F7BB2403900}.Debug|Any CPU.ActiveCfg = Debug|Any CPU
		{84E9EA76-1548-43EC-857C-2F7BB2403900}.Debug|Any CPU.Build.0 = Debug|Any CPU
		{84E9EA76-1548-43EC-857C-2F7BB2403900}.Release|Any CPU.ActiveCfg = Release|Any CPU
		{84E9EA76-1548-43EC-857C-2F7BB2403900}.Release|Any CPU.Build.0 = Release|Any CPU
		{170A73D1-CFEE-4671-822E-E232584A5AC2}.Debug|Any CPU.ActiveCfg = Debug|Any CPU
		{170A73D1-CFEE-4671-822E-E232584A5AC2}.Debug|Any CPU.Build.0 = Debug|Any CPU
		{170A73D1-CFEE-4671-822E-E232584A5AC2}.Release|Any CPU.ActiveCfg = Release|Any CPU
		{170A73D1-CFEE-4671-822E-E232584A5AC2}.Release|Any CPU.Build.0 = Release|Any CPU
	EndGlobalSection
	GlobalSection(SolutionProperties) = preSolution
		HideSolutionNode = FALSE
	EndGlobalSection
	GlobalSection(ExtensibilityGlobals) = postSolution
		SolutionGuid = {5D603A29-8C1B-4AB3-8A6B-EA94DFED83EE}
	EndGlobalSection
EndGlobal
